{
  "name": "myduck",
  "version": "0.1.0",
  "lockfileVersion": 3,
  "requires": true,
  "packages": {
    "": {
      "name": "myduck",
      "version": "0.1.0",
      "license": "MIT",
      "bin": {
        "myduck": "src/cli.js",
        "myduckd": "src/local-daemon.js"
      },
      "engines": {
        "node": ">=20"
      }
    }
  }
}
