{
  "name": "@myduckia/cli",
  "version": "0.1.0",
  "lockfileVersion": 3,
  "requires": true,
  "packages": {
    "": {
      "name": "@myduckia/cli",
      "version": "0.1.0",
      "license": "MIT",
      "dependencies": {
        "@myduckia/cli": "^0.1.0"
      },
      "bin": {
        "myduck": "src/cli.js",
        "myduckd": "src/local-daemon.js"
      },
      "engines": {
        "node": ">=20"
      }
    },
    "node_modules/@myduckia/cli": {
      "version": "0.1.0",
      "resolved": "https://registry.npmjs.org/@myduckia/cli/-/cli-0.1.0.tgz",
      "integrity": "sha512-TSwHkw7IzRcq9k30CDFaExX3YdoHYMavha2oS3ElRaNTxnIDmsIc6nL/jVd4PSTUh44lDN7Eve6y+AdHjktJNQ==",
      "license": "MIT",
      "bin": {
        "myduck": "src/cli.js",
        "myduckd": "src/local-daemon.js"
      },
      "engines": {
        "node": ">=20"
      }
    }
  }
}
